
Microsoft Visual Studio Solution File, Format Version 12.00
# Visual Studio Version 16
VisualStudioVersion = 16.0.29613.14
MinimumVisualStudioVersion = 10.0.40219.1
Project("{FAE04EC0-301F-11D3-BF4B-00C04F79EFBC}") = "dotnet_codeanalyzer", "dotnet_codeanalyzer\dotnet_codeanalyzer.csproj", "{74052CC8-A105-48E9-92B8-F624EA5F297E}"
EndProject
Project("{FAE04EC0-301F-11D3-BF4B-00C04F79EFBC}") = "test_codeanalyzer", "test_codeanalyzer\test_codeanalyzer.csproj", "{65B7EB53-E62E-4C61-A771-9AE6F135A691}"
EndProject
Global
	GlobalSection(SolutionConfigurationPlatforms) = preSolution
		Debug|Any CPU = Debug|Any CPU
		Release|Any CPU = Release|Any CPU
	EndGlobalSection
	GlobalSection(ProjectConfigurationPlatforms) = postSolution
		{74052CC8-A105-48E9-92B8-F624EA5F297E}.Debug|Any CPU.ActiveCfg = Debug|Any CPU
		{74052CC8-A105-48E9-92B8-F624EA5F297E}.Debug|Any CPU.Build.0 = Debug|Any CPU
		{74052CC8-A105-48E9-92B8-F624EA5F297E}.Release|Any CPU.ActiveCfg = Release|Any CPU
		{74052CC8-A105-48E9-92B8-F624EA5F297E}.Release|Any CPU.Build.0 = Release|Any CPU
		{65B7EB53-E62E-4C61-A771-9AE6F135A691}.Debug|Any CPU.ActiveCfg = Debug|Any CPU
		{65B7EB53-E62E-4C61-A771-9AE6F135A691}.Debug|Any CPU.Build.0 = Debug|Any CPU
		{65B7EB53-E62E-4C61-A771-9AE6F135A691}.Release|Any CPU.ActiveCfg = Release|Any CPU
		{65B7EB53-E62E-4C61-A771-9AE6F135A691}.Release|Any CPU.Build.0 = Release|Any CPU
	EndGlobalSection
	GlobalSection(SolutionProperties) = preSolution
		HideSolutionNode = FALSE
	EndGlobalSection
	GlobalSection(ExtensibilityGlobals) = postSolution
		SolutionGuid = {D5624567-1887-4AF5-93AA-42493CE82519}
	EndGlobalSection
EndGlobal
